github.com/frk/compare v0.0.6 h1:iltAyhxsNb2lAl5666vr+mZGyIkVV0S/wx0qVlkNklM=
github.com/frk/compare v0.0.6/go.mod h1:5bwv6/gZd3HD/UngMXbki5nvp6aJBTiWmXozSqE1uPc=
github.com/frk/form v0.0.2 h1:7wABfZm5IUIpVb45vJ43v0tRcabx+mfyOZ+X/rC+d84=
github.com/frk/form v0.0.2/go.mod h1:Swy6VDltjyHUbQO0MB5Xj0kHM8S2vgwTPvFua6OJnW8=
